// !$*UTF8*$!
{
	archiveVersion = 1;
	classes = {
	};
	objectVersion = 56;
	objects = {

/* Begin PBXBuildFile section */
		0C3E11992BCC52B0006D5546 /* svg.cpp in Sources */ = {isa = PBXBuildFile; fileRef = 0C3E118D2BCC52AF006D5546 /* svg.cpp */; };
		0C3E119A2BCC52B0006D5546 /* json_reader.cpp in Sources */ = {isa = PBXBuildFile; fileRef = 0C3E118E2BCC52AF006D5546 /* json_reader.cpp */; };
		0C3E119B2BCC52B0006D5546 /* json.cpp in Sources */ = {isa = PBXBuildFile; fileRef = 0C3E118F2BCC52AF006D5546 /* json.cpp */; };
		0C3E119C2BCC52B0006D5546 /* request_handler.cpp in Sources */ = {isa = PBXBuildFile; fileRef = 0C3E11902BCC52AF006D5546 /* request_handler.cpp */; };
		0C3E119D2BCC52B0006D5546 /* map_renderer.cpp in Sources */ = {isa = PBXBuildFile; fileRef = 0C3E11912BCC52B0006D5546 /* map_renderer.cpp */; };
		0C3E119E2BCC52B0006D5546 /* geo.cpp in Sources */ = {isa = PBXBuildFile; fileRef = 0C3E11952BCC52B0006D5546 /* geo.cpp */; };
		0C3E119F2BCC52B0006D5546 /* domain.cpp in Sources */ = {isa = PBXBuildFile; fileRef = 0C3E11972BCC52B0006D5546 /* domain.cpp */; };
		0CB48D7D2B973ED9003E8CE2 /* main.cpp in Sources */ = {isa = PBXBuildFile; fileRef = 0CB48D7C2B973ED9003E8CE2 /* main.cpp */; };
		0CB48D8E2B9758AA003E8CE2 /* transport_catalogue.cpp in Sources */ = {isa = PBXBuildFile; fileRef = 0CB48D892B9758AA003E8CE2 /* transport_catalogue.cpp */; };
		4DBA92C72BDD446F004CD537 /* json_builder.cpp in Sources */ = {isa = PBXBuildFile; fileRef = 4DBA92C52BDD446F004CD537 /* json_builder.cpp */; };
/* End PBXBuildFile section */

/* Begin PBXCopyFilesBuildPhase section */
		0CB48D772B973ED9003E8CE2 /* CopyFiles */ = {
			isa = PBXCopyFilesBuildPhase;
			buildActionMask = 2147483647;
			dstPath = /usr/share/man/man1/;
			dstSubfolderSpec = 0;
			files = (
			);
			runOnlyForDeploymentPostprocessing = 1;
		};
/* End PBXCopyFilesBuildPhase section */

/* Begin PBXFileReference section */
		0C3E118B2BCC52AF006D5546 /* domain.h */ = {isa = PBXFileReference; fileEncoding = 4; lastKnownFileType = sourcecode.c.h; path = domain.h; sourceTree = "<group>"; };
		0C3E118D2BCC52AF006D5546 /* svg.cpp */ = {isa = PBXFileReference; fileEncoding = 4; lastKnownFileType = sourcecode.cpp.cpp; path = svg.cpp; sourceTree = "<group>"; };
		0C3E118E2BCC52AF006D5546 /* json_reader.cpp */ = {isa = PBXFileReference; fileEncoding = 4; lastKnownFileType = sourcecode.cpp.cpp; path = json_reader.cpp; sourceTree = "<group>"; };
		0C3E118F2BCC52AF006D5546 /* json.cpp */ = {isa = PBXFileReference; fileEncoding = 4; lastKnownFileType = sourcecode.cpp.cpp; path = json.cpp; sourceTree = "<group>"; };
		0C3E11902BCC52AF006D5546 /* request_handler.cpp */ = {isa = PBXFileReference; fileEncoding = 4; lastKnownFileType = sourcecode.cpp.cpp; path = request_handler.cpp; sourceTree = "<group>"; };
		0C3E11912BCC52B0006D5546 /* map_renderer.cpp */ = {isa = PBXFileReference; fileEncoding = 4; lastKnownFileType = sourcecode.cpp.cpp; path = map_renderer.cpp; sourceTree = "<group>"; };
		0C3E11922BCC52B0006D5546 /* request_handler.h */ = {isa = PBXFileReference; fileEncoding = 4; lastKnownFileType = sourcecode.c.h; path = request_handler.h; sourceTree = "<group>"; };
		0C3E11932BCC52B0006D5546 /* json_reader.h */ = {isa = PBXFileReference; fileEncoding = 4; lastKnownFileType = sourcecode.c.h; path = json_reader.h; sourceTree = "<group>"; };
		0C3E11942BCC52B0006D5546 /* map_renderer.h */ = {isa = PBXFileReference; fileEncoding = 4; lastKnownFileType = sourcecode.c.h; path = map_renderer.h; sourceTree = "<group>"; };
		0C3E11952BCC52B0006D5546 /* geo.cpp */ = {isa = PBXFileReference; fileEncoding = 4; lastKnownFileType = sourcecode.cpp.cpp; path = geo.cpp; sourceTree = "<group>"; };
		0C3E11962BCC52B0006D5546 /* json.h */ = {isa = PBXFileReference; fileEncoding = 4; lastKnownFileType = sourcecode.c.h; path = json.h; sourceTree = "<group>"; };
		0C3E11972BCC52B0006D5546 /* domain.cpp */ = {isa = PBXFileReference; fileEncoding = 4; lastKnownFileType = sourcecode.cpp.cpp; path = domain.cpp; sourceTree = "<group>"; };
		0C3E11982BCC52B0006D5546 /* svg.h */ = {isa = PBXFileReference; fileEncoding = 4; lastKnownFileType = sourcecode.c.h; path = svg.h; sourceTree = "<group>"; };
		0CB48D792B973ED9003E8CE2 /* cpp-transport-catalogue */ = {isa = PBXFileReference; explicitFileType = "compiled.mach-o.executable"; includeInIndex = 0; path = "cpp-transport-catalogue"; sourceTree = BUILT_PRODUCTS_DIR; };
		0CB48D7C2B973ED9003E8CE2 /* main.cpp */ = {isa = PBXFileReference; lastKnownFileType = sourcecode.cpp.cpp; path = main.cpp; sourceTree = "<group>"; };
		0CB48D862B9758AA003E8CE2 /* main.cpp */ = {isa = PBXFileReference; fileEncoding = 4; lastKnownFileType = sourcecode.cpp.cpp; path = main.cpp; sourceTree = "<group>"; };
		0CB48D882B9758AA003E8CE2 /* geo.h */ = {isa = PBXFileReference; fileEncoding = 4; lastKnownFileType = sourcecode.c.h; path = geo.h; sourceTree = "<group>"; };
		0CB48D892B9758AA003E8CE2 /* transport_catalogue.cpp */ = {isa = PBXFileReference; fileEncoding = 4; lastKnownFileType = sourcecode.cpp.cpp; path = transport_catalogue.cpp; sourceTree = "<group>"; };
		0CB48D8A2B9758AA003E8CE2 /* transport_catalogue.h */ = {isa = PBXFileReference; fileEncoding = 4; lastKnownFileType = sourcecode.c.h; path = transport_catalogue.h; sourceTree = "<group>"; };
		4DBA92C52BDD446F004CD537 /* json_builder.cpp */ = {isa = PBXFileReference; fileEncoding = 4; lastKnownFileType = sourcecode.cpp.cpp; path = json_builder.cpp; sourceTree = "<group>"; };
		4DBA92C62BDD446F004CD537 /* json_builder.h */ = {isa = PBXFileReference; fileEncoding = 4; lastKnownFileType = sourcecode.c.h; path = json_builder.h; sourceTree = "<group>"; };
/* End PBXFileReference section */

/* Begin PBXFrameworksBuildPhase section */
		0CB48D762B973ED9003E8CE2 /* Frameworks */ = {
			isa = PBXFrameworksBuildPhase;
			buildActionMask = 2147483647;
			files = (
			);
			runOnlyForDeploymentPostprocessing = 0;
		};
/* End PBXFrameworksBuildPhase section */

/* Begin PBXGroup section */
		0CB48D702B973ED9003E8CE2 = {
			isa = PBXGroup;
			children = (
				0CB48D7B2B973ED9003E8CE2 /* cpp-transport-catalogue */,
				0CB48D7A2B973ED9003E8CE2 /* Products */,
			);
			sourceTree = "<group>";
		};
		0CB48D7A2B973ED9003E8CE2 /* Products */ = {
			isa = PBXGroup;
			children = (
				0CB48D792B973ED9003E8CE2 /* cpp-transport-catalogue */,
			);
			name = Products;
			sourceTree = "<group>";
		};
		0CB48D7B2B973ED9003E8CE2 /* cpp-transport-catalogue */ = {
			isa = PBXGroup;
			children = (
				4DBA92C52BDD446F004CD537 /* json_builder.cpp */,
				4DBA92C62BDD446F004CD537 /* json_builder.h */,
				0C3E11972BCC52B0006D5546 /* domain.cpp */,
				0C3E118B2BCC52AF006D5546 /* domain.h */,
				0C3E11952BCC52B0006D5546 /* geo.cpp */,
				0CB48D882B9758AA003E8CE2 /* geo.h */,
				0C3E118E2BCC52AF006D5546 /* json_reader.cpp */,
				0C3E11932BCC52B0006D5546 /* json_reader.h */,
				0C3E118F2BCC52AF006D5546 /* json.cpp */,
				0C3E11962BCC52B0006D5546 /* json.h */,
				0CB48D862B9758AA003E8CE2 /* main.cpp */,
				0C3E11912BCC52B0006D5546 /* map_renderer.cpp */,
				0C3E11942BCC52B0006D5546 /* map_renderer.h */,
				0C3E11902BCC52AF006D5546 /* request_handler.cpp */,
				0C3E11922BCC52B0006D5546 /* request_handler.h */,
				0C3E118D2BCC52AF006D5546 /* svg.cpp */,
				0C3E11982BCC52B0006D5546 /* svg.h */,
				0CB48D892B9758AA003E8CE2 /* transport_catalogue.cpp */,
				0CB48D8A2B9758AA003E8CE2 /* transport_catalogue.h */,
				0CB48D7C2B973ED9003E8CE2 /* main.cpp */,
			);
			path = "cpp-transport-catalogue";
			sourceTree = "<group>";
		};
/* End PBXGroup section */

/* Begin PBXNativeTarget section */
		0CB48D782B973ED9003E8CE2 /* cpp-transport-catalogue */ = {
			isa = PBXNativeTarget;
			buildConfigurationList = 0CB48D802B973ED9003E8CE2 /* Build configuration list for PBXNativeTarget "cpp-transport-catalogue" */;
			buildPhases = (
				0CB48D752B973ED9003E8CE2 /* Sources */,
				0CB48D762B973ED9003E8CE2 /* Frameworks */,
				0CB48D772B973ED9003E8CE2 /* CopyFiles */,
			);
			buildRules = (
			);
			dependencies = (
			);
			name = "cpp-transport-catalogue";
			productName = "cpp-transport-catalogue";
			productReference = 0CB48D792B973ED9003E8CE2 /* cpp-transport-catalogue */;
			productType = "com.apple.product-type.tool";
		};
/* End PBXNativeTarget section */

/* Begin PBXProject section */
		0CB48D712B973ED9003E8CE2 /* Project object */ = {
			isa = PBXProject;
			attributes = {
				BuildIndependentTargetsInParallel = 1;
				LastUpgradeCheck = 1530;
				TargetAttributes = {
					0CB48D782B973ED9003E8CE2 = {
						CreatedOnToolsVersion = 15.2;
					};
				};
			};
			buildConfigurationList = 0CB48D742B973ED9003E8CE2 /* Build configuration list for PBXProject "cpp-transport-catalogue" */;
			compatibilityVersion = "Xcode 14.0";
			developmentRegion = en;
			hasScannedForEncodings = 0;
			knownRegions = (
				en,
				Base,
			);
			mainGroup = 0CB48D702B973ED9003E8CE2;
			productRefGroup = 0CB48D7A2B973ED9003E8CE2 /* Products */;
			projectDirPath = "";
			projectRoot = "";
			targets = (
				0CB48D782B973ED9003E8CE2 /* cpp-transport-catalogue */,
			);
		};
/* End PBXProject section */

/* Begin PBXSourcesBuildPhase section */
		0CB48D752B973ED9003E8CE2 /* Sources */ = {
			isa = PBXSourcesBuildPhase;
			buildActionMask = 2147483647;
			files = (
				0C3E11992BCC52B0006D5546 /* svg.cpp in Sources */,
				0C3E119D2BCC52B0006D5546 /* map_renderer.cpp in Sources */,
				0C3E119A2BCC52B0006D5546 /* json_reader.cpp in Sources */,
				0C3E119B2BCC52B0006D5546 /* json.cpp in Sources */,
				0C3E119C2BCC52B0006D5546 /* request_handler.cpp in Sources */,
				0CB48D8E2B9758AA003E8CE2 /* transport_catalogue.cpp in Sources */,
				0CB48D7D2B973ED9003E8CE2 /* main.cpp in Sources */,
				0C3E119E2BCC52B0006D5546 /* geo.cpp in Sources */,
				0C3E119F2BCC52B0006D5546 /* domain.cpp in Sources */,
				4DBA92C72BDD446F004CD537 /* json_builder.cpp in Sources */,
			);
			runOnlyForDeploymentPostprocessing = 0;
		};
/* End PBXSourcesBuildPhase section */

/* Begin XCBuildConfiguration section */
		0CB48D7E2B973ED9003E8CE2 /* Debug */ = {
			isa = XCBuildConfiguration;
			buildSettings = {
				ALWAYS_SEARCH_USER_PATHS = NO;
				ASSETCATALOG_COMPILER_GENERATE_SWIFT_ASSET_SYMBOL_EXTENSIONS = YES;
				CLANG_ANALYZER_NONNULL = YES;
				CLANG_ANALYZER_NUMBER_OBJECT_CONVERSION = YES_AGGRESSIVE;
				CLANG_CXX_LANGUAGE_STANDARD = "gnu++20";
				CLANG_ENABLE_MODULES = YES;
				CLANG_ENABLE_OBJC_ARC = YES;
				CLANG_ENABLE_OBJC_WEAK = YES;
				CLANG_WARN_BLOCK_CAPTURE_AUTORELEASING = YES;
				CLANG_WARN_BOOL_CONVERSION = YES;
				CLANG_WARN_COMMA = YES;
				CLANG_WARN_CONSTANT_CONVERSION = YES;
				CLANG_WARN_DEPRECATED_OBJC_IMPLEMENTATIONS = YES;
				CLANG_WARN_DIRECT_OBJC_ISA_USAGE = YES_ERROR;
				CLANG_WARN_DOCUMENTATION_COMMENTS = YES;
				CLANG_WARN_EMPTY_BODY = YES;
				CLANG_WARN_ENUM_CONVERSION = YES;
				CLANG_WARN_INFINITE_RECURSION = YES;
				CLANG_WARN_INT_CONVERSION = YES;
				CLANG_WARN_NON_LITERAL_NULL_CONVERSION = YES;
				CLANG_WARN_OBJC_IMPLICIT_RETAIN_SELF = YES;
				CLANG_WARN_OBJC_LITERAL_CONVERSION = YES;
				CLANG_WARN_OBJC_ROOT_CLASS = YES_ERROR;
				CLANG_WARN_QUOTED_INCLUDE_IN_FRAMEWORK_HEADER = YES;
				CLANG_WARN_RANGE_LOOP_ANALYSIS = YES;
				CLANG_WARN_STRICT_PROTOTYPES = YES;
				CLANG_WARN_SUSPICIOUS_MOVE = YES;
				CLANG_WARN_UNGUARDED_AVAILABILITY = YES_AGGRESSIVE;
				CLANG_WARN_UNREACHABLE_CODE = YES;
				CLANG_WARN__DUPLICATE_METHOD_MATCH = YES;
				COPY_PHASE_STRIP = NO;
				DEAD_CODE_STRIPPING = YES;
				DEBUG_INFORMATION_FORMAT = dwarf;
				ENABLE_STRICT_OBJC_MSGSEND = YES;
				ENABLE_TESTABILITY = YES;
				ENABLE_USER_SCRIPT_SANDBOXING = YES;
				GCC_C_LANGUAGE_STANDARD = gnu17;
				GCC_DYNAMIC_NO_PIC = NO;
				GCC_NO_COMMON_BLOCKS = YES;
				GCC_OPTIMIZATION_LEVEL = 0;
				GCC_PREPROCESSOR_DEFINITIONS = (
					"DEBUG=1",
					"$(inherited)",
				);
				GCC_WARN_64_TO_32_BIT_CONVERSION = YES;
				GCC_WARN_ABOUT_RETURN_TYPE = YES_ERROR;
				GCC_WARN_UNDECLARED_SELECTOR = YES;
				GCC_WARN_UNINITIALIZED_AUTOS = YES_AGGRESSIVE;
				GCC_WARN_UNUSED_FUNCTION = YES;
				GCC_WARN_UNUSED_VARIABLE = YES;
				LOCALIZATION_PREFERS_STRING_CATALOGS = YES;
				MACOSX_DEPLOYMENT_TARGET = 14.2;
				MTL_ENABLE_DEBUG_INFO = INCLUDE_SOURCE;
				MTL_FAST_MATH = YES;
				ONLY_ACTIVE_ARCH = YES;
				SDKROOT = macosx;
			};
			name = Debug;
		};
		0CB48D7F2B973ED9003E8CE2 /* Release */ = {
			isa = XCBuildConfiguration;
			buildSettings = {
				ALWAYS_SEARCH_USER_PATHS = NO;
				ASSETCATALOG_COMPILER_GENERATE_SWIFT_ASSET_SYMBOL_EXTENSIONS = YES;
				CLANG_ANALYZER_NONNULL = YES;
				CLANG_ANALYZER_NUMBER_OBJECT_CONVERSION = YES_AGGRESSIVE;
				CLANG_CXX_LANGUAGE_STANDARD = "gnu++20";
				CLANG_ENABLE_MODULES = YES;
				CLANG_ENABLE_OBJC_ARC = YES;
				CLANG_ENABLE_OBJC_WEAK = YES;
				CLANG_WARN_BLOCK_CAPTURE_AUTORELEASING = YES;
				CLANG_WARN_BOOL_CONVERSION = YES;
				CLANG_WARN_COMMA = YES;
				CLANG_WARN_CONSTANT_CONVERSION = YES;
				CLANG_WARN_DEPRECATED_OBJC_IMPLEMENTATIONS = YES;
				CLANG_WARN_DIRECT_OBJC_ISA_USAGE = YES_ERROR;
				CLANG_WARN_DOCUMENTATION_COMMENTS = YES;
				CLANG_WARN_EMPTY_BODY = YES;
				CLANG_WARN_ENUM_CONVERSION = YES;
				CLANG_WARN_INFINITE_RECURSION = YES;
				CLANG_WARN_INT_CONVERSION = YES;
				CLANG_WARN_NON_LITERAL_NULL_CONVERSION = YES;
				CLANG_WARN_OBJC_IMPLICIT_RETAIN_SELF = YES;
				CLANG_WARN_OBJC_LITERAL_CONVERSION = YES;
				CLANG_WARN_OBJC_ROOT_CLASS = YES_ERROR;
				CLANG_WARN_QUOTED_INCLUDE_IN_FRAMEWORK_HEADER = YES;
				CLANG_WARN_RANGE_LOOP_ANALYSIS = YES;
				CLANG_WARN_STRICT_PROTOTYPES = YES;
				CLANG_WARN_SUSPICIOUS_MOVE = YES;
				CLANG_WARN_UNGUARDED_AVAILABILITY = YES_AGGRESSIVE;
				CLANG_WARN_UNREACHABLE_CODE = YES;
				CLANG_WARN__DUPLICATE_METHOD_MATCH = YES;
				COPY_PHASE_STRIP = NO;
				DEAD_CODE_STRIPPING = YES;
				DEBUG_INFORMATION_FORMAT = "dwarf-with-dsym";
				ENABLE_NS_ASSERTIONS = NO;
				ENABLE_STRICT_OBJC_MSGSEND = YES;
				ENABLE_USER_SCRIPT_SANDBOXING = YES;
				GCC_C_LANGUAGE_STANDARD = gnu17;
				GCC_NO_COMMON_BLOCKS = YES;
				GCC_WARN_64_TO_32_BIT_CONVERSION = YES;
				GCC_WARN_ABOUT_RETURN_TYPE = YES_ERROR;
				GCC_WARN_UNDECLARED_SELECTOR = YES;
				GCC_WARN_UNINITIALIZED_AUTOS = YES_AGGRESSIVE;
				GCC_WARN_UNUSED_FUNCTION = YES;
				GCC_WARN_UNUSED_VARIABLE = YES;
				LOCALIZATION_PREFERS_STRING_CATALOGS = YES;
				MACOSX_DEPLOYMENT_TARGET = 14.2;
				MTL_ENABLE_DEBUG_INFO = NO;
				MTL_FAST_MATH = YES;
				SDKROOT = macosx;
			};
			name = Release;
		};
		0CB48D812B973ED9003E8CE2 /* Debug */ = {
			isa = XCBuildConfiguration;
			buildSettings = {
				CODE_SIGN_STYLE = Automatic;
				DEAD_CODE_STRIPPING = YES;
				PRODUCT_NAME = "$(TARGET_NAME)";
			};
			name = Debug;
		};
		0CB48D822B973ED9003E8CE2 /* Release */ = {
			isa = XCBuildConfiguration;
			buildSettings = {
				CODE_SIGN_STYLE = Automatic;
				DEAD_CODE_STRIPPING = YES;
				PRODUCT_NAME = "$(TARGET_NAME)";
			};
			name = Release;
		};
/* End XCBuildConfiguration section */

/* Begin XCConfigurationList section */
		0CB48D742B973ED9003E8CE2 /* Build configuration list for PBXProject "cpp-transport-catalogue" */ = {
			isa = XCConfigurationList;
			buildConfigurations = (
				0CB48D7E2B973ED9003E8CE2 /* Debug */,
				0CB48D7F2B973ED9003E8CE2 /* Release */,
			);
			defaultConfigurationIsVisible = 0;
			defaultConfigurationName = Release;
		};
		0CB48D802B973ED9003E8CE2 /* Build configuration list for PBXNativeTarget "cpp-transport-catalogue" */ = {
			isa = XCConfigurationList;
			buildConfigurations = (
				0CB48D812B973ED9003E8CE2 /* Debug */,
				0CB48D822B973ED9003E8CE2 /* Release */,
			);
			defaultConfigurationIsVisible = 0;
			defaultConfigurationName = Release;
		};
/* End XCConfigurationList section */
	};
	rootObject = 0CB48D712B973ED9003E8CE2 /* Project object */;
}
